
Microsoft Visual Studio Solution File, Format Version 12.00
# Visual Studio Version 17
VisualStudioVersion = 17.14.37301.10 d17.14
MinimumVisualStudioVersion = 10.0.40219.1
Project("{FAE04EC0-301F-11D3-BF4B-00C04F79EFBC}") = "Ejemplo8-EF", "Ejemplo8-EF\Ejemplo8-EF.csproj", "{64AE2A78-B1BC-4809-9E18-41EADDC8863A}"
EndProject
Global
	GlobalSection(SolutionConfigurationPlatforms) = preSolution
		Debug|Any CPU = Debug|Any CPU
		Release|Any CPU = Release|Any CPU
	EndGlobalSection
	GlobalSection(ProjectConfigurationPlatforms) = postSolution
		{64AE2A78-B1BC-4809-9E18-41EADDC8863A}.Debug|Any CPU.ActiveCfg = Debug|Any CPU
		{64AE2A78-B1BC-4809-9E18-41EADDC8863A}.Debug|Any CPU.Build.0 = Debug|Any CPU
		{64AE2A78-B1BC-4809-9E18-41EADDC8863A}.Release|Any CPU.ActiveCfg = Release|Any CPU
		{64AE2A78-B1BC-4809-9E18-41EADDC8863A}.Release|Any CPU.Build.0 = Release|Any CPU
	EndGlobalSection
	GlobalSection(SolutionProperties) = preSolution
		HideSolutionNode = FALSE
	EndGlobalSection
	GlobalSection(ExtensibilityGlobals) = postSolution
		SolutionGuid = {1E2822E6-A1E9-4734-B980-75411A1984BD}
	EndGlobalSection
EndGlobal
