
Microsoft Visual Studio Solution File, Format Version 12.00
# Visual Studio Version 17
VisualStudioVersion = 17.14.37216.2 d17.14
MinimumVisualStudioVersion = 10.0.40219.1
Project("{FAE04EC0-301F-11D3-BF4B-00C04F79EFBC}") = "Ejemplo2", "Ejemplo2\Ejemplo2.csproj", "{15C0D6DB-989A-4578-9974-64A7483E6A1F}"
EndProject
Global
	GlobalSection(SolutionConfigurationPlatforms) = preSolution
		Debug|Any CPU = Debug|Any CPU
		Release|Any CPU = Release|Any CPU
	EndGlobalSection
	GlobalSection(ProjectConfigurationPlatforms) = postSolution
		{15C0D6DB-989A-4578-9974-64A7483E6A1F}.Debug|Any CPU.ActiveCfg = Debug|Any CPU
		{15C0D6DB-989A-4578-9974-64A7483E6A1F}.Debug|Any CPU.Build.0 = Debug|Any CPU
		{15C0D6DB-989A-4578-9974-64A7483E6A1F}.Release|Any CPU.ActiveCfg = Release|Any CPU
		{15C0D6DB-989A-4578-9974-64A7483E6A1F}.Release|Any CPU.Build.0 = Release|Any CPU
	EndGlobalSection
	GlobalSection(SolutionProperties) = preSolution
		HideSolutionNode = FALSE
	EndGlobalSection
	GlobalSection(ExtensibilityGlobals) = postSolution
		SolutionGuid = {CB969CB5-210C-4D56-B5C6-A5ED9BD7A87D}
	EndGlobalSection
EndGlobal
